// !$*UTF8*$!
{
	archiveVersion = 1;
	classes = {
	};
	objectVersion = 70;
	objects = {

/* Begin PBXBuildFile section */
		0206BDAFA97C63E6C9BE00F5 /* HomeView.swift in Sources */ = {isa = PBXBuildFile; fileRef = 97B336D73F6E2BC5950A352B /* HomeView.swift */; };
		109A73E1374BD17B86D18612 /* Note.swift in Sources */ = {isa = PBXBuildFile; fileRef = 1D53090821F8BAFE1DA68424 /* Note.swift */; };
		2DC01F93397A5FD79DFF1C40 /* EchoCastDesignTokens.swift in Sources */ = {isa = PBXBuildFile; fileRef = A889EAE90DD5982B6BF699CC /* EchoCastDesignTokens.swift */; };
		2EBA34DB950BD2AAAED22196 /* NoteCaptureView.swift in Sources */ = {isa = PBXBuildFile; fileRef = 7B924F6A7F976B983E1F11C4 /* NoteCaptureView.swift */; };
		35F1A89D8755CF0C326046EA /* DevStatusOverlay.swift in Sources */ = {isa = PBXBuildFile; fileRef = 7D86BD8271F50A31B9BF357F /* DevStatusOverlay.swift */; };
		40B41DD5A35FDAB9F5DCAD59 /* LibraryView.swift in Sources */ = {isa = PBXBuildFile; fileRef = 233F1BE5E4D7277CAE91BD20 /* LibraryView.swift */; };
		432A173623AAB8F5C169FEBB /* PodcastDiscoveryView.swift in Sources */ = {isa = PBXBuildFile; fileRef = 8353810688BA319356A456B9 /* PodcastDiscoveryView.swift */; };
		4826A78D2588E06B9758D964 /* PodcastDetailView.swift in Sources */ = {isa = PBXBuildFile; fileRef = CA2011DE4F5DA850C5620FBC /* PodcastDetailView.swift */; };
		484FD5BF9681BAD2BF013891 /* OnboardingView.swift in Sources */ = {isa = PBXBuildFile; fileRef = 2E4B2DF356B22A670EED39CD /* OnboardingView.swift */; };
		4F5B82B4CC98318E28E445C9 /* PlaybackHistoryManager.swift in Sources */ = {isa = PBXBuildFile; fileRef = F4DE2007AA9B048CE314EB86 /* PlaybackHistoryManager.swift */; };
		532B9A89EB7C85DC51BF33E3 /* OPMLImportService.swift in Sources */ = {isa = PBXBuildFile; fileRef = 29ADBD77A19909B9695B21FB /* OPMLImportService.swift */; };
		571ECFBE1F6E119C5162E298 /* Podcast.swift in Sources */ = {isa = PBXBuildFile; fileRef = 8DF4B0585A696406E2E943BE /* Podcast.swift */; };
		66A8CA30EA3542458F5B265D /* PersistenceController.swift in Sources */ = {isa = PBXBuildFile; fileRef = 92FA7184CFBE6C3A2C89D11C /* PersistenceController.swift */; };
		6CABC715C5D5F2F34ADE6D68 /* GlobalPlayerManager.swift in Sources */ = {isa = PBXBuildFile; fileRef = D6FD48759719F0A48ACDFE95 /* GlobalPlayerManager.swift */; };
		952AAB90F04A9BEE60CBD414 /* MiniPlayerView.swift in Sources */ = {isa = PBXBuildFile; fileRef = A4B4374ACBF2F8DF02D162D8 /* MiniPlayerView.swift */; };
		99C510E92096FC2D6FD5105A /* NoteViewModel.swift in Sources */ = {isa = PBXBuildFile; fileRef = 54D628832EEB20F4375BCF9D /* NoteViewModel.swift */; };
		A10000000000000000000003 /* Assets.xcassets in Resources */ = {isa = PBXBuildFile; fileRef = A00000000000000000000003 /* Assets.xcassets */; };
		A1000000000000000000000D /* EchoNotes.xcdatamodeld in Sources */ = {isa = PBXBuildFile; fileRef = A0000000000000000000000D /* EchoNotes.xcdatamodeld */; };
		A352AE1B30F57053B2F44445 /* ContinueListeningCard.swift in Sources */ = {isa = PBXBuildFile; fileRef = 64F8F7BFD5C955E7D638CF72 /* ContinueListeningCard.swift */; };
		A393F34ADA1C6570A1C5DB1B /* TagInputView.swift in Sources */ = {isa = PBXBuildFile; fileRef = 6A954A076AB095DE7903B3B5 /* TagInputView.swift */; };
		A6C751F49B50AB8C7DEE741E /* ContentView.swift in Sources */ = {isa = PBXBuildFile; fileRef = B01276756CBF1F6C45AB7677 /* ContentView.swift */; };
		A715819144FB62C0B169C5D9 /* DeepLinkManager.swift in Sources */ = {isa = PBXBuildFile; fileRef = 5B0B9E736394AE5D3705E7F1 /* DeepLinkManager.swift */; };
		AADBA7C1B9A35AE6C78C95D4 /* EchoNotesApp.swift in Sources */ = {isa = PBXBuildFile; fileRef = 56A10B3EA8425F797B107908 /* EchoNotesApp.swift */; };
		B019C4E07965C65CC57A335A /* PodcastRSSService.swift in Sources */ = {isa = PBXBuildFile; fileRef = 5740F3ADA838A89AAE98902C /* PodcastRSSService.swift */; };
		BE245BBE30074AACA289C192 /* EpisodeDetailView.swift in Sources */ = {isa = PBXBuildFile; fileRef = 29B3BD3927C3A99156079726 /* EpisodeDetailView.swift */; };
		C8ADB94949E1542B64678C06 /* AddNoteIntent.swift in Sources */ = {isa = PBXBuildFile; fileRef = AAC0568ECC00DF51EF175765 /* AddNoteIntent.swift */; };
		E4P1AYER78VIEW90BUILDFILE23456 /* Player/EpisodePlayerView.swift in Sources */ = {isa = PBXBuildFile; fileRef = E4P1AYER78VIEW0FILEREFGHIJKL /* Player/EpisodePlayerView.swift */; };
		E8B0FC6D8C4B1BE4CD420BF7 /* SiriShortcutsManager.swift in Sources */ = {isa = PBXBuildFile; fileRef = 543B86F71016EB6FBBDE162E /* SiriShortcutsManager.swift */; };
		EBBC5664163B5EEAF0595A57 /* ExportService.swift in Sources */ = {isa = PBXBuildFile; fileRef = DAB032ABF6B07EDBEB3E5FC7 /* ExportService.swift */; };
		FD37D2967810FF926CCDB9BC /* CachedAsyncImage.swift in Sources */ = {isa = PBXBuildFile; fileRef = E9C0C11EEA60C007F10FA350 /* CachedAsyncImage.swift */; };
/* End PBXBuildFile section */

/* Begin PBXFileReference section */
		1D53090821F8BAFE1DA68424 /* Note.swift */ = {isa = PBXFileReference; lastKnownFileType = sourcecode.swift; path = Note.swift; sourceTree = "<group>"; };
		233F1BE5E4D7277CAE91BD20 /* LibraryView.swift */ = {isa = PBXFileReference; lastKnownFileType = sourcecode.swift; path = LibraryView.swift; sourceTree = "<group>"; };
		29ADBD77A19909B9695B21FB /* OPMLImportService.swift */ = {isa = PBXFileReference; lastKnownFileType = sourcecode.swift; path = OPMLImportService.swift; sourceTree = "<group>"; };
		29B3BD3927C3A99156079726 /* EpisodeDetailView.swift */ = {isa = PBXFileReference; lastKnownFileType = sourcecode.swift; path = EpisodeDetailView.swift; sourceTree = "<group>"; };
		2A7452EE2ED3D43A0049B7B0 /* debugging4.md */ = {isa = PBXFileReference; lastKnownFileType = net.daringfireball.markdown; path = debugging4.md; sourceTree = "<group>"; };
		2A7452EF2ED4056C0049B7B0 /* tagging_implementation.md */ = {isa = PBXFileReference; lastKnownFileType = net.daringfireball.markdown; path = tagging_implementation.md; sourceTree = "<group>"; };
		2A7452F02ED4097A0049B7B0 /* tagging2.md */ = {isa = PBXFileReference; lastKnownFileType = net.daringfireball.markdown; path = tagging2.md; sourceTree = "<group>"; };
		2A7452F22ED4566C0049B7B0 /* bug5and6.md */ = {isa = PBXFileReference; lastKnownFileType = net.daringfireball.markdown; path = bug5and6.md; sourceTree = "<group>"; };
		2A7452F32ED51CD10049B7B0 /* bug5continues.md */ = {isa = PBXFileReference; lastKnownFileType = net.daringfireball.markdown; path = bug5continues.md; sourceTree = "<group>"; };
		2E4B2DF356B22A670EED39CD /* OnboardingView.swift */ = {isa = PBXFileReference; lastKnownFileType = sourcecode.swift; path = OnboardingView.swift; sourceTree = "<group>"; };
		543B86F71016EB6FBBDE162E /* SiriShortcutsManager.swift */ = {isa = PBXFileReference; lastKnownFileType = sourcecode.swift; path = SiriShortcutsManager.swift; sourceTree = "<group>"; };
		54D628832EEB20F4375BCF9D /* NoteViewModel.swift */ = {isa = PBXFileReference; lastKnownFileType = sourcecode.swift; path = NoteViewModel.swift; sourceTree = "<group>"; };
		56A10B3EA8425F797B107908 /* EchoNotesApp.swift */ = {isa = PBXFileReference; lastKnownFileType = sourcecode.swift; path = EchoNotesApp.swift; sourceTree = "<group>"; };
		5740F3ADA838A89AAE98902C /* PodcastRSSService.swift */ = {isa = PBXFileReference; lastKnownFileType = sourcecode.swift; path = PodcastRSSService.swift; sourceTree = "<group>"; };
		5B0B9E736394AE5D3705E7F1 /* DeepLinkManager.swift */ = {isa = PBXFileReference; lastKnownFileType = sourcecode.swift; path = DeepLinkManager.swift; sourceTree = "<group>"; };
		64F8F7BFD5C955E7D638CF72 /* ContinueListeningCard.swift */ = {isa = PBXFileReference; lastKnownFileType = sourcecode.swift; path = ContinueListeningCard.swift; sourceTree = "<group>"; };
		6A954A076AB095DE7903B3B5 /* TagInputView.swift */ = {isa = PBXFileReference; lastKnownFileType = sourcecode.swift; path = TagInputView.swift; sourceTree = "<group>"; };
		7B924F6A7F976B983E1F11C4 /* NoteCaptureView.swift */ = {isa = PBXFileReference; lastKnownFileType = sourcecode.swift; path = NoteCaptureView.swift; sourceTree = "<group>"; };
		7D86BD8271F50A31B9BF357F /* DevStatusOverlay.swift */ = {isa = PBXFileReference; lastKnownFileType = sourcecode.swift; path = DevStatusOverlay.swift; sourceTree = "<group>"; };
		8353810688BA319356A456B9 /* PodcastDiscoveryView.swift */ = {isa = PBXFileReference; lastKnownFileType = sourcecode.swift; path = PodcastDiscoveryView.swift; sourceTree = "<group>"; };
		8DF4B0585A696406E2E943BE /* Podcast.swift */ = {isa = PBXFileReference; lastKnownFileType = sourcecode.swift; path = Podcast.swift; sourceTree = "<group>"; };
		92FA7184CFBE6C3A2C89D11C /* PersistenceController.swift */ = {isa = PBXFileReference; lastKnownFileType = sourcecode.swift; path = PersistenceController.swift; sourceTree = "<group>"; };
		97B336D73F6E2BC5950A352B /* HomeView.swift */ = {isa = PBXFileReference; lastKnownFileType = sourcecode.swift; path = HomeView.swift; sourceTree = "<group>"; };
		A00000000000000000000000 /* EchoNotes.app */ = {isa = PBXFileReference; explicitFileType = wrapper.application; includeInIndex = 0; path = EchoNotes.app; sourceTree = BUILT_PRODUCTS_DIR; };
		A00000000000000000000003 /* Assets.xcassets */ = {isa = PBXFileReference; lastKnownFileType = folder.assetcatalog; path = Assets.xcassets; sourceTree = "<group>"; };
		A0000000000000000000000E /* EchoNotes.xcdatamodel */ = {isa = PBXFileReference; lastKnownFileType = wrapper.xcdatamodel; path = EchoNotes.xcdatamodel; sourceTree = "<group>"; };
		A00000000000000000000010 /* Info.plist */ = {isa = PBXFileReference; lastKnownFileType = text.plist.xml; path = Info.plist; sourceTree = "<group>"; };
		A4B4374ACBF2F8DF02D162D8 /* MiniPlayerView.swift */ = {isa = PBXFileReference; lastKnownFileType = sourcecode.swift; path = MiniPlayerView.swift; sourceTree = "<group>"; };
		A889EAE90DD5982B6BF699CC /* EchoCastDesignTokens.swift */ = {isa = PBXFileReference; lastKnownFileType = sourcecode.swift; path = EchoCastDesignTokens.swift; sourceTree = "<group>"; };
		AAC0568ECC00DF51EF175765 /* AddNoteIntent.swift */ = {isa = PBXFileReference; lastKnownFileType = sourcecode.swift; path = AddNoteIntent.swift; sourceTree = "<group>"; };
		B01276756CBF1F6C45AB7677 /* ContentView.swift */ = {isa = PBXFileReference; lastKnownFileType = sourcecode.swift; path = ContentView.swift; sourceTree = "<group>"; };
		CA2011DE4F5DA850C5620FBC /* PodcastDetailView.swift */ = {isa = PBXFileReference; lastKnownFileType = sourcecode.swift; path = PodcastDetailView.swift; sourceTree = "<group>"; };
		D6FD48759719F0A48ACDFE95 /* GlobalPlayerManager.swift */ = {isa = PBXFileReference; lastKnownFileType = sourcecode.swift; path = GlobalPlayerManager.swift; sourceTree = "<group>"; };
		DAB032ABF6B07EDBEB3E5FC7 /* ExportService.swift */ = {isa = PBXFileReference; lastKnownFileType = sourcecode.swift; path = ExportService.swift; sourceTree = "<group>"; };
		E4P1AYER78VIEW0FILEREFGHIJKL /* Player/EpisodePlayerView.swift */ = {isa = PBXFileReference; lastKnownFileType = sourcecode.swift; path = Player/EpisodePlayerView.swift; sourceTree = "<group>"; };
		E9C0C11EEA60C007F10FA350 /* CachedAsyncImage.swift */ = {isa = PBXFileReference; lastKnownFileType = sourcecode.swift; path = CachedAsyncImage.swift; sourceTree = "<group>"; };
		F4DE2007AA9B048CE314EB86 /* PlaybackHistoryManager.swift */ = {isa = PBXFileReference; lastKnownFileType = sourcecode.swift; path = PlaybackHistoryManager.swift; sourceTree = "<group>"; };
/* End PBXFileReference section */

/* Begin PBXFileSystemSynchronizedBuildFileExceptionSet section */
		2A3600532F315E710052259D /* PBXFileSystemSynchronizedBuildFileExceptionSet */ = {
			isa = PBXFileSystemSynchronizedBuildFileExceptionSet;
			membershipExceptions = (
				"EpisodePlayerView-prompt.md",
				"EpisodePlayerView-Specification.md",
				"HomeNoteCard-Specification.md",
			);
			target = A40000000000000000000001 /* EchoNotes */;
		};
/* End PBXFileSystemSynchronizedBuildFileExceptionSet section */

/* Begin PBXFileSystemSynchronizedRootGroup section */
		2A9836772EE14F4800B31757 /* docs */ = {isa = PBXFileSystemSynchronizedRootGroup; exceptions = (2A3600532F315E710052259D /* PBXFileSystemSynchronizedBuildFileExceptionSet */, ); explicitFileTypes = {}; explicitFolders = (); path = docs; sourceTree = "<group>"; };
/* End PBXFileSystemSynchronizedRootGroup section */

/* Begin PBXFrameworksBuildPhase section */
		A20000000000000000000001 /* Frameworks */ = {
			isa = PBXFrameworksBuildPhase;
			buildActionMask = 2147483647;
			files = (
			);
			runOnlyForDeploymentPostprocessing = 0;
		};
/* End PBXFrameworksBuildPhase section */

/* Begin PBXGroup section */
		161A209E01ED1DF8D14AF816 /* AppIntents */ = {
			isa = PBXGroup;
			children = (
				AAC0568ECC00DF51EF175765 /* AddNoteIntent.swift */,
			);
			path = AppIntents;
			sourceTree = "<group>";
		};
		A30000000000000000000001 = {
			isa = PBXGroup;
			children = (
				2A9836772EE14F4800B31757 /* docs */,
				2A7452F22ED4566C0049B7B0 /* bug5and6.md */,
				2A7452F32ED51CD10049B7B0 /* bug5continues.md */,
				2A7452EE2ED3D43A0049B7B0 /* debugging4.md */,
				2A7452EF2ED4056C0049B7B0 /* tagging_implementation.md */,
				2A7452F02ED4097A0049B7B0 /* tagging2.md */,
				A30000000000000000000002 /* EchoNotes */,
				A30000000000000000000003 /* Products */,
			);
			sourceTree = "<group>";
		};
		A30000000000000000000002 /* EchoNotes */ = {
			isa = PBXGroup;
			children = (
				A00000000000000000000010 /* Info.plist */,
				56A10B3EA8425F797B107908 /* EchoNotesApp.swift */,
				B01276756CBF1F6C45AB7677 /* ContentView.swift */,
				161A209E01ED1DF8D14AF816 /* AppIntents */,
				A30000000000000000000004 /* Views */,
				A30000000000000000000005 /* Models */,
				A30000000000000000000006 /* ViewModels */,
				A30000000000000000000007 /* Services */,
				A30000000000000000000008 /* Resources */,
			);
			path = EchoNotes;
			sourceTree = "<group>";
		};
		A30000000000000000000003 /* Products */ = {
			isa = PBXGroup;
			children = (
				A00000000000000000000000 /* EchoNotes.app */,
			);
			name = Products;
			sourceTree = "<group>";
		};
		A30000000000000000000004 /* Views */ = {
			isa = PBXGroup;
			children = (
				E9C0C11EEA60C007F10FA350 /* CachedAsyncImage.swift */,
				7D86BD8271F50A31B9BF357F /* DevStatusOverlay.swift */,
				A889EAE90DD5982B6BF699CC /* EchoCastDesignTokens.swift */,
				29B3BD3927C3A99156079726 /* EpisodeDetailView.swift */,
				64F8F7BFD5C955E7D638CF72 /* ContinueListeningCard.swift */,
				97B336D73F6E2BC5950A352B /* HomeView.swift */,
				233F1BE5E4D7277CAE91BD20 /* LibraryView.swift */,
				A4B4374ACBF2F8DF02D162D8 /* MiniPlayerView.swift */,
				7B924F6A7F976B983E1F11C4 /* NoteCaptureView.swift */,
				2E4B2DF356B22A670EED39CD /* OnboardingView.swift */,
				E4P1AYER78VIEW0FILEREFGHIJKL /* Player/EpisodePlayerView.swift */,
				CA2011DE4F5DA850C5620FBC /* PodcastDetailView.swift */,
				8353810688BA319356A456B9 /* PodcastDiscoveryView.swift */,
				6A954A076AB095DE7903B3B5 /* TagInputView.swift */,
			);
			path = Views;
			sourceTree = "<group>";
		};
		A30000000000000000000005 /* Models */ = {
			isa = PBXGroup;
			children = (
				1D53090821F8BAFE1DA68424 /* Note.swift */,
				8DF4B0585A696406E2E943BE /* Podcast.swift */,
				A0000000000000000000000D /* EchoNotes.xcdatamodeld */,
			);
			path = Models;
			sourceTree = "<group>";
		};
		A30000000000000000000006 /* ViewModels */ = {
			isa = PBXGroup;
			children = (
				54D628832EEB20F4375BCF9D /* NoteViewModel.swift */,
			);
			path = ViewModels;
			sourceTree = "<group>";
		};
		A30000000000000000000007 /* Services */ = {
			isa = PBXGroup;
			children = (
				5B0B9E736394AE5D3705E7F1 /* DeepLinkManager.swift */,
				DAB032ABF6B07EDBEB3E5FC7 /* ExportService.swift */,
				D6FD48759719F0A48ACDFE95 /* GlobalPlayerManager.swift */,
				29ADBD77A19909B9695B21FB /* OPMLImportService.swift */,
				92FA7184CFBE6C3A2C89D11C /* PersistenceController.swift */,
				F4DE2007AA9B048CE314EB86 /* PlaybackHistoryManager.swift */,
				5740F3ADA838A89AAE98902C /* PodcastRSSService.swift */,
				543B86F71016EB6FBBDE162E /* SiriShortcutsManager.swift */,
			);
			path = Services;
			sourceTree = "<group>";
		};
		A30000000000000000000008 /* Resources */ = {
			isa = PBXGroup;
			children = (
				A00000000000000000000003 /* Assets.xcassets */,
			);
			path = Resources;
			sourceTree = "<group>";
		};
/* End PBXGroup section */

/* Begin PBXNativeTarget section */
		A40000000000000000000001 /* EchoNotes */ = {
			isa = PBXNativeTarget;
			buildConfigurationList = A50000000000000000000001 /* Build configuration list for PBXNativeTarget "EchoNotes" */;
			buildPhases = (
				A60000000000000000000001 /* Sources */,
				A20000000000000000000001 /* Frameworks */,
				A70000000000000000000001 /* Resources */,
			);
			buildRules = (
			);
			dependencies = (
			);
			name = EchoNotes;
			productName = EchoNotes;
			productReference = A00000000000000000000000 /* EchoNotes.app */;
			productType = "com.apple.product-type.application";
		};
/* End PBXNativeTarget section */

/* Begin PBXProject section */
		A80000000000000000000001 /* Project object */ = {
			isa = PBXProject;
			attributes = {
				BuildIndependentTargetsInParallel = 1;
				LastSwiftUpdateCheck = 1500;
				LastUpgradeCheck = 1640;
				TargetAttributes = {
					A40000000000000000000001 = {
						CreatedOnToolsVersion = 15.0;
					};
				};
			};
			buildConfigurationList = A90000000000000000000001 /* Build configuration list for PBXProject "EchoNotes" */;
			compatibilityVersion = "Xcode 14.0";
			developmentRegion = en;
			hasScannedForEncodings = 0;
			knownRegions = (
				en,
				Base,
			);
			mainGroup = A30000000000000000000001;
			productRefGroup = A30000000000000000000003 /* Products */;
			projectDirPath = "";
			projectRoot = "";
			targets = (
				A40000000000000000000001 /* EchoNotes */,
			);
		};
/* End PBXProject section */

/* Begin PBXResourcesBuildPhase section */
		A70000000000000000000001 /* Resources */ = {
			isa = PBXResourcesBuildPhase;
			buildActionMask = 2147483647;
			files = (
				A10000000000000000000003 /* Assets.xcassets in Resources */,
			);
			runOnlyForDeploymentPostprocessing = 0;
		};
/* End PBXResourcesBuildPhase section */

/* Begin PBXSourcesBuildPhase section */
		A60000000000000000000001 /* Sources */ = {
			isa = PBXSourcesBuildPhase;
			buildActionMask = 2147483647;
			files = (
				AADBA7C1B9A35AE6C78C95D4 /* EchoNotesApp.swift in Sources */,
				A6C751F49B50AB8C7DEE741E /* ContentView.swift in Sources */,
				C8ADB94949E1542B64678C06 /* AddNoteIntent.swift in Sources */,
				2DC01F93397A5FD79DFF1C40 /* EchoCastDesignTokens.swift in Sources */,
				109A73E1374BD17B86D18612 /* Note.swift in Sources */,
				571ECFBE1F6E119C5162E298 /* Podcast.swift in Sources */,
				99C510E92096FC2D6FD5105A /* NoteViewModel.swift in Sources */,
				A715819144FB62C0B169C5D9 /* DeepLinkManager.swift in Sources */,
				EBBC5664163B5EEAF0595A57 /* ExportService.swift in Sources */,
				6CABC715C5D5F2F34ADE6D68 /* GlobalPlayerManager.swift in Sources */,
				A352AE1B30F57053B2F44445 /* ContinueListeningCard.swift in Sources */,
				0206BDAFA97C63E6C9BE00F5 /* HomeView.swift in Sources */,
				532B9A89EB7C85DC51BF33E3 /* OPMLImportService.swift in Sources */,
				66A8CA30EA3542458F5B265D /* PersistenceController.swift in Sources */,
				4F5B82B4CC98318E28E445C9 /* PlaybackHistoryManager.swift in Sources */,
				B019C4E07965C65CC57A335A /* PodcastRSSService.swift in Sources */,
				E8B0FC6D8C4B1BE4CD420BF7 /* SiriShortcutsManager.swift in Sources */,
				FD37D2967810FF926CCDB9BC /* CachedAsyncImage.swift in Sources */,
				35F1A89D8755CF0C326046EA /* DevStatusOverlay.swift in Sources */,
				BE245BBE30074AACA289C192 /* EpisodeDetailView.swift in Sources */,
				40B41DD5A35FDAB9F5DCAD59 /* LibraryView.swift in Sources */,
				952AAB90F04A9BEE60CBD414 /* MiniPlayerView.swift in Sources */,
				2EBA34DB950BD2AAAED22196 /* NoteCaptureView.swift in Sources */,
				484FD5BF9681BAD2BF013891 /* OnboardingView.swift in Sources */,
				4826A78D2588E06B9758D964 /* PodcastDetailView.swift in Sources */,
				432A173623AAB8F5C169FEBB /* PodcastDiscoveryView.swift in Sources */,
				A393F34ADA1C6570A1C5DB1B /* TagInputView.swift in Sources */,
				E4P1AYER78VIEW90BUILDFILE23456 /* Player/EpisodePlayerView.swift in Sources */,
				A1000000000000000000000D /* EchoNotes.xcdatamodeld in Sources */,
			);
			runOnlyForDeploymentPostprocessing = 0;
		};
/* End PBXSourcesBuildPhase section */

/* Begin XCBuildConfiguration section */
		AA0000000000000000000001 /* Debug */ = {
			isa = XCBuildConfiguration;
			buildSettings = {
				ALWAYS_SEARCH_USER_PATHS = NO;
				ASSETCATALOG_COMPILER_GENERATE_SWIFT_ASSET_SYMBOL_EXTENSIONS = YES;
				CLANG_ANALYZER_NONNULL = YES;
				CLANG_ANALYZER_NUMBER_OBJECT_CONVERSION = YES_AGGRESSIVE;
				CLANG_CXX_LANGUAGE_STANDARD = "gnu++20";
				CLANG_ENABLE_MODULES = YES;
				CLANG_ENABLE_OBJC_ARC = YES;
				CLANG_ENABLE_OBJC_WEAK = YES;
				CLANG_WARN_BLOCK_CAPTURE_AUTORELEASING = YES;
				CLANG_WARN_BOOL_CONVERSION = YES;
				CLANG_WARN_COMMA = YES;
				CLANG_WARN_CONSTANT_CONVERSION = YES;
				CLANG_WARN_DEPRECATED_OBJC_IMPLEMENTATIONS = YES;
				CLANG_WARN_DIRECT_OBJC_ISA_USAGE = YES_ERROR;
				CLANG_WARN_DOCUMENTATION_COMMENTS = YES;
				CLANG_WARN_EMPTY_BODY = YES;
				CLANG_WARN_ENUM_CONVERSION = YES;
				CLANG_WARN_INFINITE_RECURSION = YES;
				CLANG_WARN_INT_CONVERSION = YES;
				CLANG_WARN_NON_LITERAL_NULL_CONVERSION = YES;
				CLANG_WARN_OBJC_IMPLICIT_RETAIN_SELF = YES;
				CLANG_WARN_OBJC_LITERAL_CONVERSION = YES;
				CLANG_WARN_OBJC_ROOT_CLASS = YES_ERROR;
				CLANG_WARN_QUOTED_INCLUDE_IN_FRAMEWORK_HEADER = YES;
				CLANG_WARN_RANGE_LOOP_ANALYSIS = YES;
				CLANG_WARN_STRICT_PROTOTYPES = YES;
				CLANG_WARN_SUSPICIOUS_MOVE = YES;
				CLANG_WARN_UNGUARDED_AVAILABILITY = YES_AGGRESSIVE;
				CLANG_WARN_UNREACHABLE_CODE = YES;
				CLANG_WARN__DUPLICATE_METHOD_MATCH = YES;
				COPY_PHASE_STRIP = NO;
				DEBUG_INFORMATION_FORMAT = dwarf;
				DEVELOPMENT_TEAM = BY2WMSQ7U3;
				ENABLE_STRICT_OBJC_MSGSEND = YES;
				ENABLE_TESTABILITY = YES;
				ENABLE_USER_SCRIPT_SANDBOXING = YES;
				GCC_C_LANGUAGE_STANDARD = gnu17;
				GCC_DYNAMIC_NO_PIC = NO;
				GCC_NO_COMMON_BLOCKS = YES;
				GCC_OPTIMIZATION_LEVEL = 0;
				GCC_PREPROCESSOR_DEFINITIONS = (
					"DEBUG=1",
					"$(inherited)",
				);
				GCC_WARN_64_TO_32_BIT_CONVERSION = YES;
				GCC_WARN_ABOUT_RETURN_TYPE = YES_ERROR;
				GCC_WARN_UNDECLARED_SELECTOR = YES;
				GCC_WARN_UNINITIALIZED_AUTOS = YES_AGGRESSIVE;
				GCC_WARN_UNUSED_FUNCTION = YES;
				GCC_WARN_UNUSED_VARIABLE = YES;
				IPHONEOS_DEPLOYMENT_TARGET = 26.0;
				LOCALIZATION_PREFERS_STRING_CATALOGS = YES;
				MTL_ENABLE_DEBUG_INFO = INCLUDE_SOURCE;
				MTL_FAST_MATH = YES;
				ONLY_ACTIVE_ARCH = YES;
				SDKROOT = iphoneos;
				SWIFT_ACTIVE_COMPILATION_CONDITIONS = "DEBUG $(inherited)";
				SWIFT_OPTIMIZATION_LEVEL = "-Onone";
			};
			name = Debug;
		};
		AA0000000000000000000002 /* Release */ = {
			isa = XCBuildConfiguration;
			baseConfigurationReference = 0;
			buildSettings = {
				ALWAYS_SEARCH_USER_PATHS = NO;
				ASSETCATALOG_COMPILER_GENERATE_SWIFT_ASSET_SYMBOL_EXTENSIONS = YES;
				CLANG_ANALYZER_NONNULL = YES;
				CLANG_ANALYZER_NUMBER_OBJECT_CONVERSION = YES_AGGRESSIVE;
				CLANG_CXX_LANGUAGE_STANDARD = "gnu++20";
				CLANG_ENABLE_MODULES = YES;
				CLANG_ENABLE_OBJC_ARC = YES;
				CLANG_ENABLE_OBJC_WEAK = YES;
				CLANG_WARN_BLOCK_CAPTURE_AUTORELEASING = YES;
				CLANG_WARN_BOOL_CONVERSION = YES;
				CLANG_WARN_COMMA = YES;
				CLANG_WARN_CONSTANT_CONVERSION = YES;
				CLANG_WARN_DEPRECATED_OBJC_IMPLEMENTATIONS = YES;
				CLANG_WARN_DIRECT_OBJC_ISA_USAGE = YES_ERROR;
				CLANG_WARN_DOCUMENTATION_COMMENTS = YES;
				CLANG_WARN_EMPTY_BODY = YES;
				CLANG_WARN_ENUM_CONVERSION = YES;
				CLANG_WARN_INFINITE_RECURSION = YES;
				CLANG_WARN_INT_CONVERSION = YES;
				CLANG_WARN_NON_LITERAL_NULL_CONVERSION = YES;
				CLANG_WARN_OBJC_IMPLICIT_RETAIN_SELF = YES;
				CLANG_WARN_OBJC_LITERAL_CONVERSION = YES;
				CLANG_WARN_OBJC_ROOT_CLASS = YES_ERROR;
				CLANG_WARN_QUOTED_INCLUDE_IN_FRAMEWORK_HEADER = YES;
				CLANG_WARN_RANGE_LOOP_ANALYSIS = YES;
				CLANG_WARN_STRICT_PROTOTYPES = YES;
				CLANG_WARN_SUSPICIOUS_MOVE = YES;
				CLANG_WARN_UNGUARDED_AVAILABILITY = YES_AGGRESSIVE;
				CLANG_WARN_UNREACHABLE_CODE = YES;
				CLANG_WARN__DUPLICATE_METHOD_MATCH = YES;
				COPY_PHASE_STRIP = NO;
				DEBUG_INFORMATION_FORMAT = "dwarf-with-dsym";
				DEVELOPMENT_TEAM = BY2WMSQ7U3;
				ENABLE_NS_ASSERTIONS = NO;
				ENABLE_STRICT_OBJC_MSGSEND = YES;
				ENABLE_USER_SCRIPT_SANDBOXING = YES;
				GCC_C_LANGUAGE_STANDARD = gnu17;
				GCC_NO_COMMON_BLOCKS = YES;
				GCC_WARN_64_TO_32_BIT_CONVERSION = YES;
				GCC_WARN_ABOUT_RETURN_TYPE = YES_ERROR;
				GCC_WARN_UNDECLARED_SELECTOR = YES;
				GCC_WARN_UNINITIALIZED_AUTOS = YES_AGGRESSIVE;
				GCC_WARN_UNUSED_FUNCTION = YES;
				GCC_WARN_UNUSED_VARIABLE = YES;
				IPHONEOS_DEPLOYMENT_TARGET = 26.0;
				LOCALIZATION_PREFERS_STRING_CATALOGS = YES;
				MTL_ENABLE_DEBUG_INFO = NO;
				MTL_FAST_MATH = YES;
				SDKROOT = iphoneos;
				SWIFT_COMPILATION_MODE = wholemodule;
				VALIDATE_PRODUCT = YES;
			};
			name = Release;
		};
		AA0000000000000000000003 /* Debug */ = {
			isa = XCBuildConfiguration;
			baseConfigurationReference = 0;
			buildSettings = {
				ASSETCATALOG_COMPILER_APPICON_NAME = AppIcon;
				ASSETCATALOG_COMPILER_GLOBAL_ACCENT_COLOR_NAME = AccentColor;
				CODE_SIGN_STYLE = Automatic;
				CURRENT_PROJECT_VERSION = 1;
				DEVELOPMENT_ASSET_PATHS = "";
				ENABLE_PREVIEWS = YES;
				GENERATE_INFOPLIST_FILE = NO;
				INFOPLIST_FILE = EchoNotes/Info.plist;
				INFOPLIST_KEY_CFBundleDisplayName = EchoNotes;
				INFOPLIST_KEY_LSApplicationCategoryType = "public.app-category.productivity";
				INFOPLIST_KEY_NSMicrophoneUsageDescription = "EchoNotes needs access to the microphone to capture voice notes.";
				INFOPLIST_KEY_NSSiriUsageDescription = "EchoNotes uses Siri to enable hands-free note capture.";
				INFOPLIST_KEY_NSSpeechRecognitionUsageDescription = "EchoNotes uses speech recognition to transcribe your voice notes.";
				INFOPLIST_KEY_UIApplicationSceneManifest_Generation = YES;
				INFOPLIST_KEY_UIApplicationSupportsIndirectInputEvents = YES;
				INFOPLIST_KEY_UILaunchScreen_Generation = YES;
				INFOPLIST_KEY_UISupportedInterfaceOrientations = UIInterfaceOrientationPortrait;
				INFOPLIST_KEY_UISupportedInterfaceOrientations_iPad = "UIInterfaceOrientationLandscapeLeft UIInterfaceOrientationLandscapeRight UIInterfaceOrientationPortrait UIInterfaceOrientationPortraitUpsideDown";
				IPHONEOS_DEPLOYMENT_TARGET = 26.0;
				LD_RUNPATH_SEARCH_PATHS = (
					"$(inherited)",
					"@executable_path/Frameworks",
				);
				MARKETING_VERSION = 1.0;
				PRODUCT_BUNDLE_IDENTIFIER = com.echonotes.app202601302226;
				PRODUCT_NAME = "$(TARGET_NAME)";
				SWIFT_EMIT_LOC_STRINGS = YES;
				SWIFT_VERSION = 5.0;
				TARGETED_DEVICE_FAMILY = "1,2";
			};
			name = Debug;
		};
		AA0000000000000000000004 /* Release */ = {
			isa = XCBuildConfiguration;
			baseConfigurationReference = 0;
			buildSettings = {
				ASSETCATALOG_COMPILER_APPICON_NAME = AppIcon;
				ASSETCATALOG_COMPILER_GLOBAL_ACCENT_COLOR_NAME = AccentColor;
				CODE_SIGN_STYLE = Automatic;
				CURRENT_PROJECT_VERSION = 1;
				DEVELOPMENT_ASSET_PATHS = "";
				ENABLE_PREVIEWS = YES;
				GENERATE_INFOPLIST_FILE = NO;
				INFOPLIST_FILE = EchoNotes/Info.plist;
				INFOPLIST_KEY_CFBundleDisplayName = EchoNotes;
				INFOPLIST_KEY_LSApplicationCategoryType = "public.app-category.productivity";
				INFOPLIST_KEY_NSMicrophoneUsageDescription = "EchoNotes needs access to the microphone to capture voice notes.";
				INFOPLIST_KEY_NSSiriUsageDescription = "EchoNotes uses Siri to enable hands-free note capture.";
				INFOPLIST_KEY_NSSpeechRecognitionUsageDescription = "EchoNotes uses speech recognition to transcribe your voice notes.";
				INFOPLIST_KEY_UIApplicationSceneManifest_Generation = YES;
				INFOPLIST_KEY_UIApplicationSupportsIndirectInputEvents = YES;
				INFOPLIST_KEY_UILaunchScreen_Generation = YES;
				INFOPLIST_KEY_UISupportedInterfaceOrientations = UIInterfaceOrientationPortrait;
				INFOPLIST_KEY_UISupportedInterfaceOrientations_iPad = "UIInterfaceOrientationLandscapeLeft UIInterfaceOrientationLandscapeRight UIInterfaceOrientationPortrait UIInterfaceOrientationPortraitUpsideDown";
				IPHONEOS_DEPLOYMENT_TARGET = 26.0;
				LD_RUNPATH_SEARCH_PATHS = (
					"$(inherited)",
					"@executable_path/Frameworks",
				);
				MARKETING_VERSION = 1.0;
				PRODUCT_BUNDLE_IDENTIFIER = com.echonotes.app202601302226;
				PRODUCT_NAME = "$(TARGET_NAME)";
				SWIFT_EMIT_LOC_STRINGS = YES;
				SWIFT_VERSION = 5.0;
				TARGETED_DEVICE_FAMILY = "1,2";
			};
			name = Release;
		};
/* End XCBuildConfiguration section */

/* Begin XCConfigurationList section */
		A50000000000000000000001 /* Build configuration list for PBXNativeTarget "EchoNotes" */ = {
			isa = XCConfigurationList;
			buildConfigurations = (
				AA0000000000000000000003 /* Debug */,
				AA0000000000000000000004 /* Release */,
			);
			defaultConfigurationIsVisible = 0;
			defaultConfigurationName = Release;
		};
		A90000000000000000000001 /* Build configuration list for PBXProject "EchoNotes" */ = {
			isa = XCConfigurationList;
			buildConfigurations = (
				AA0000000000000000000001 /* Debug */,
				AA0000000000000000000002 /* Release */,
			);
			defaultConfigurationIsVisible = 0;
			defaultConfigurationName = Release;
		};
/* End XCConfigurationList section */

/* Begin XCVersionGroup section */
		A0000000000000000000000D /* EchoNotes.xcdatamodeld */ = {
			isa = XCVersionGroup;
			children = (
				A0000000000000000000000E /* EchoNotes.xcdatamodel */,
			);
			currentVersion = A0000000000000000000000E /* EchoNotes.xcdatamodel */;
			path = EchoNotes.xcdatamodeld;
			sourceTree = "<group>";
			versionGroupType = wrapper.xcdatamodel;
		};
/* End XCVersionGroup section */
	};
	rootObject = A80000000000000000000001 /* Project object */;
}
